
Microsoft Visual Studio Solution File, Format Version 12.00
# Visual Studio Version 17
VisualStudioVersion = 17.7.34031.279
MinimumVisualStudioVersion = 10.0.40219.1
Project("{FAE04EC0-301F-11D3-BF4B-00C04F79EFBC}") = "shopper", "shopper\shopper.csproj", "{1958F8AC-1CF1-44A9-B365-CD68739A48DC}"
EndProject
Global
	GlobalSection(SolutionConfigurationPlatforms) = preSolution
		Debug|Any CPU = Debug|Any CPU
		Release|Any CPU = Release|Any CPU
	EndGlobalSection
	GlobalSection(ProjectConfigurationPlatforms) = postSolution
		{1958F8AC-1CF1-44A9-B365-CD68739A48DC}.Debug|Any CPU.ActiveCfg = Debug|Any CPU
		{1958F8AC-1CF1-44A9-B365-CD68739A48DC}.Debug|Any CPU.Build.0 = Debug|Any CPU
		{1958F8AC-1CF1-44A9-B365-CD68739A48DC}.Release|Any CPU.ActiveCfg = Release|Any CPU
		{1958F8AC-1CF1-44A9-B365-CD68739A48DC}.Release|Any CPU.Build.0 = Release|Any CPU
	EndGlobalSection
	GlobalSection(SolutionProperties) = preSolution
		HideSolutionNode = FALSE
	EndGlobalSection
	GlobalSection(ExtensibilityGlobals) = postSolution
		SolutionGuid = {0E0E2008-995A-46F7-B161-61411BFF8096}
	EndGlobalSection
EndGlobal
